// !$*UTF8*$!
{
	archiveVersion = 1;
	classes = {
	};
	objectVersion = 46;
	objects = {

/* Begin PBXBuildFile section */
		6145EBDA196A2F2500B860BD /* main.cpp in Sources */ = {isa = PBXBuildFile; fileRef = 6145EBD9196A2F2500B860BD /* main.cpp */; };
		6145EBDC196A2F2500B860BD /* CanidateFormatter.1 in CopyFiles */ = {isa = PBXBuildFile; fileRef = 6145EBDB196A2F2500B860BD /* CanidateFormatter.1 */; };
/* End PBXBuildFile section */

/* Begin PBXCopyFilesBuildPhase section */
		6145EBD4196A2F2500B860BD /* CopyFiles */ = {
			isa = PBXCopyFilesBuildPhase;
			buildActionMask = 2147483647;
			dstPath = /usr/share/man/man1/;
			dstSubfolderSpec = 0;
			files = (
				6145EBDC196A2F2500B860BD /* CanidateFormatter.1 in CopyFiles */,
			);
			runOnlyForDeploymentPostprocessing = 1;
		};
/* End PBXCopyFilesBuildPhase section */

/* Begin PBXFileReference section */
		6145EBD6196A2F2500B860BD /* CanidateFormatter */ = {isa = PBXFileReference; explicitFileType = "compiled.mach-o.executable"; includeInIndex = 0; path = CanidateFormatter; sourceTree = BUILT_PRODUCTS_DIR; };
		6145EBD9196A2F2500B860BD /* main.cpp */ = {isa = PBXFileReference; lastKnownFileType = sourcecode.cpp.cpp; path = main.cpp; sourceTree = "<group>"; };
		6145EBDB196A2F2500B860BD /* CanidateFormatter.1 */ = {isa = PBXFileReference; lastKnownFileType = text.man; path = CanidateFormatter.1; sourceTree = "<group>"; };
/* End PBXFileReference section */

/* Begin PBXFrameworksBuildPhase section */
		6145EBD3196A2F2500B860BD /* Frameworks */ = {
			isa = PBXFrameworksBuildPhase;
			buildActionMask = 2147483647;
			files = (
			);
			runOnlyForDeploymentPostprocessing = 0;
		};
/* End PBXFrameworksBuildPhase section */

/* Begin PBXGroup section */
		6145EBCD196A2F2400B860BD = {
			isa = PBXGroup;
			children = (
				6145EBD8196A2F2500B860BD /* CanidateFormatter */,
				6145EBD7196A2F2500B860BD /* Products */,
			);
			sourceTree = "<group>";
		};
		6145EBD7196A2F2500B860BD /* Products */ = {
			isa = PBXGroup;
			children = (
				6145EBD6196A2F2500B860BD /* CanidateFormatter */,
			);
			name = Products;
			sourceTree = "<group>";
		};
		6145EBD8196A2F2500B860BD /* CanidateFormatter */ = {
			isa = PBXGroup;
			children = (
				6145EBD9196A2F2500B860BD /* main.cpp */,
				6145EBDB196A2F2500B860BD /* CanidateFormatter.1 */,
			);
			path = CanidateFormatter;
			sourceTree = "<group>";
		};
/* End PBXGroup section */

/* Begin PBXNativeTarget section */
		6145EBD5196A2F2500B860BD /* CanidateFormatter */ = {
			isa = PBXNativeTarget;
			buildConfigurationList = 6145EBDF196A2F2500B860BD /* Build configuration list for PBXNativeTarget "CanidateFormatter" */;
			buildPhases = (
				6145EBD2196A2F2500B860BD /* Sources */,
				6145EBD3196A2F2500B860BD /* Frameworks */,
				6145EBD4196A2F2500B860BD /* CopyFiles */,
			);
			buildRules = (
			);
			dependencies = (
			);
			name = CanidateFormatter;
			productName = CanidateFormatter;
			productReference = 6145EBD6196A2F2500B860BD /* CanidateFormatter */;
			productType = "com.apple.product-type.tool";
		};
/* End PBXNativeTarget section */

/* Begin PBXProject section */
		6145EBCE196A2F2400B860BD /* Project object */ = {
			isa = PBXProject;
			attributes = {
				LastUpgradeCheck = 0510;
				ORGANIZATIONNAME = Ragnarok;
			};
			buildConfigurationList = 6145EBD1196A2F2400B860BD /* Build configuration list for PBXProject "CanidateFormatter" */;
			compatibilityVersion = "Xcode 3.2";
			developmentRegion = English;
			hasScannedForEncodings = 0;
			knownRegions = (
				en,
			);
			mainGroup = 6145EBCD196A2F2400B860BD;
			productRefGroup = 6145EBD7196A2F2500B860BD /* Products */;
			projectDirPath = "";
			projectRoot = "";
			targets = (
				6145EBD5196A2F2500B860BD /* CanidateFormatter */,
			);
		};
/* End PBXProject section */

/* Begin PBXSourcesBuildPhase section */
		6145EBD2196A2F2500B860BD /* Sources */ = {
			isa = PBXSourcesBuildPhase;
			buildActionMask = 2147483647;
			files = (
				6145EBDA196A2F2500B860BD /* main.cpp in Sources */,
			);
			runOnlyForDeploymentPostprocessing = 0;
		};
/* End PBXSourcesBuildPhase section */

/* Begin XCBuildConfiguration section */
		6145EBDD196A2F2500B860BD /* Debug */ = {
			isa = XCBuildConfiguration;
			buildSettings = {
				ALWAYS_SEARCH_USER_PATHS = NO;
				CLANG_CXX_LANGUAGE_STANDARD = "gnu++0x";
				CLANG_CXX_LIBRARY = "libc++";
				CLANG_ENABLE_MODULES = YES;
				CLANG_ENABLE_OBJC_ARC = YES;
				CLANG_WARN_BOOL_CONVERSION = YES;
				CLANG_WARN_CONSTANT_CONVERSION = YES;
				CLANG_WARN_DIRECT_OBJC_ISA_USAGE = YES_ERROR;
				CLANG_WARN_EMPTY_BODY = YES;
				CLANG_WARN_ENUM_CONVERSION = YES;
				CLANG_WARN_INT_CONVERSION = YES;
				CLANG_WARN_OBJC_ROOT_CLASS = YES_ERROR;
				CLANG_WARN__DUPLICATE_METHOD_MATCH = YES;
				COPY_PHASE_STRIP = NO;
				GCC_C_LANGUAGE_STANDARD = gnu99;
				GCC_DYNAMIC_NO_PIC = NO;
				GCC_ENABLE_OBJC_EXCEPTIONS = YES;
				GCC_OPTIMIZATION_LEVEL = 0;
				GCC_PREPROCESSOR_DEFINITIONS = (
					"DEBUG=1",
					"$(inherited)",
				);
				GCC_SYMBOLS_PRIVATE_EXTERN = NO;
				GCC_WARN_64_TO_32_BIT_CONVERSION = YES;
				GCC_WARN_ABOUT_RETURN_TYPE = YES_ERROR;
				GCC_WARN_UNDECLARED_SELECTOR = YES;
				GCC_WARN_UNINITIALIZED_AUTOS = YES_AGGRESSIVE;
				GCC_WARN_UNUSED_FUNCTION = YES;
				GCC_WARN_UNUSED_VARIABLE = YES;
				MACOSX_DEPLOYMENT_TARGET = 10.8;
				ONLY_ACTIVE_ARCH = YES;
				SDKROOT = macosx;
			};
			name = Debug;
		};
		6145EBDE196A2F2500B860BD /* Release */ = {
			isa = XCBuildConfiguration;
			buildSettings = {
				ALWAYS_SEARCH_USER_PATHS = NO;
				CLANG_CXX_LANGUAGE_STANDARD = "gnu++0x";
				CLANG_CXX_LIBRARY = "libc++";
				CLANG_ENABLE_MODULES = YES;
				CLANG_ENABLE_OBJC_ARC = YES;
				CLANG_WARN_BOOL_CONVERSION = YES;
				CLANG_WARN_CONSTANT_CONVERSION = YES;
				CLANG_WARN_DIRECT_OBJC_ISA_USAGE = YES_ERROR;
				CLANG_WARN_EMPTY_BODY = YES;
				CLANG_WARN_ENUM_CONVERSION = YES;
				CLANG_WARN_INT_CONVERSION = YES;
				CLANG_WARN_OBJC_ROOT_CLASS = YES_ERROR;
				CLANG_WARN__DUPLICATE_METHOD_MATCH = YES;
				COPY_PHASE_STRIP = YES;
				DEBUG_INFORMATION_FORMAT = "dwarf-with-dsym";
				ENABLE_NS_ASSERTIONS = NO;
				GCC_C_LANGUAGE_STANDARD = gnu99;
				GCC_ENABLE_OBJC_EXCEPTIONS = YES;
				GCC_WARN_64_TO_32_BIT_CONVERSION = YES;
				GCC_WARN_ABOUT_RETURN_TYPE = YES_ERROR;
				GCC_WARN_UNDECLARED_SELECTOR = YES;
				GCC_WARN_UNINITIALIZED_AUTOS = YES_AGGRESSIVE;
				GCC_WARN_UNUSED_FUNCTION = YES;
				GCC_WARN_UNUSED_VARIABLE = YES;
				MACOSX_DEPLOYMENT_TARGET = 10.8;
				SDKROOT = macosx;
			};
			name = Release;
		};
		6145EBE0196A2F2500B860BD /* Debug */ = {
			isa = XCBuildConfiguration;
			buildSettings = {
				PRODUCT_NAME = "$(TARGET_NAME)";
			};
			name = Debug;
		};
		6145EBE1196A2F2500B860BD /* Release */ = {
			isa = XCBuildConfiguration;
			buildSettings = {
				PRODUCT_NAME = "$(TARGET_NAME)";
			};
			name = Release;
		};
/* End XCBuildConfiguration section */

/* Begin XCConfigurationList section */
		6145EBD1196A2F2400B860BD /* Build configuration list for PBXProject "CanidateFormatter" */ = {
			isa = XCConfigurationList;
			buildConfigurations = (
				6145EBDD196A2F2500B860BD /* Debug */,
				6145EBDE196A2F2500B860BD /* Release */,
			);
			defaultConfigurationIsVisible = 0;
			defaultConfigurationName = Release;
		};
		6145EBDF196A2F2500B860BD /* Build configuration list for PBXNativeTarget "CanidateFormatter" */ = {
			isa = XCConfigurationList;
			buildConfigurations = (
				6145EBE0196A2F2500B860BD /* Debug */,
				6145EBE1196A2F2500B860BD /* Release */,
			);
			defaultConfigurationIsVisible = 0;
		};
/* End XCConfigurationList section */
	};
	rootObject = 6145EBCE196A2F2400B860BD /* Project object */;
}
